
Microsoft Visual Studio Solution File, Format Version 12.00
# Visual Studio Version 17
VisualStudioVersion = 17.8.34525.116
MinimumVisualStudioVersion = 10.0.40219.1
Project("{FAE04EC0-301F-11D3-BF4B-00C04F79EFBC}") = "JmImparEpar", "JmImparEpar.csproj", "{654A3DDE-8D6D-432C-AD38-447AA9AC86E0}"
EndProject
Global
	GlobalSection(SolutionConfigurationPlatforms) = preSolution
		Debug|Any CPU = Debug|Any CPU
		Release|Any CPU = Release|Any CPU
	EndGlobalSection
	GlobalSection(ProjectConfigurationPlatforms) = postSolution
		{654A3DDE-8D6D-432C-AD38-447AA9AC86E0}.Debug|Any CPU.ActiveCfg = Debug|Any CPU
		{654A3DDE-8D6D-432C-AD38-447AA9AC86E0}.Debug|Any CPU.Build.0 = Debug|Any CPU
		{654A3DDE-8D6D-432C-AD38-447AA9AC86E0}.Release|Any CPU.ActiveCfg = Release|Any CPU
		{654A3DDE-8D6D-432C-AD38-447AA9AC86E0}.Release|Any CPU.Build.0 = Release|Any CPU
	EndGlobalSection
	GlobalSection(SolutionProperties) = preSolution
		HideSolutionNode = FALSE
	EndGlobalSection
	GlobalSection(ExtensibilityGlobals) = postSolution
		SolutionGuid = {285B71B6-247C-47AF-91EA-C9E637D2A402}
	EndGlobalSection
EndGlobal
